// !$*UTF8*$!
{
	archiveVersion = 1;
	classes = {
	};
	objectVersion = 56;
	objects = {

/* Begin PBXBuildFile section */
		B1EAD3E329DBA5320040E267 /* AppDelegate.swift in Sources */ = {isa = PBXBuildFile; fileRef = B1EAD3E229DBA5320040E267 /* AppDelegate.swift */; };
		B1EAD3E529DBA5320040E267 /* SceneDelegate.swift in Sources */ = {isa = PBXBuildFile; fileRef = B1EAD3E429DBA5320040E267 /* SceneDelegate.swift */; };
		B1EAD3E729DBA5320040E267 /* ViewController.swift in Sources */ = {isa = PBXBuildFile; fileRef = B1EAD3E629DBA5320040E267 /* ViewController.swift */; };
		B1EAD3EA29DBA5320040E267 /* Main.storyboard in Resources */ = {isa = PBXBuildFile; fileRef = B1EAD3E829DBA5320040E267 /* Main.storyboard */; };
		B1EAD3EC29DBA5330040E267 /* Assets.xcassets in Resources */ = {isa = PBXBuildFile; fileRef = B1EAD3EB29DBA5330040E267 /* Assets.xcassets */; };
		B1EAD3EF29DBA5330040E267 /* LaunchScreen.storyboard in Resources */ = {isa = PBXBuildFile; fileRef = B1EAD3ED29DBA5330040E267 /* LaunchScreen.storyboard */; };
		B1EAD3FA29DBA5330040E267 /* MadlibTests.swift in Sources */ = {isa = PBXBuildFile; fileRef = B1EAD3F929DBA5330040E267 /* MadlibTests.swift */; };
		B1EAD40429DBA5330040E267 /* MadlibUITests.swift in Sources */ = {isa = PBXBuildFile; fileRef = B1EAD40329DBA5330040E267 /* MadlibUITests.swift */; };
		B1EAD40629DBA5330040E267 /* MadlibUITestsLaunchTests.swift in Sources */ = {isa = PBXBuildFile; fileRef = B1EAD40529DBA5330040E267 /* MadlibUITestsLaunchTests.swift */; };
/* End PBXBuildFile section */

/* Begin PBXContainerItemProxy section */
		B1EAD3F629DBA5330040E267 /* PBXContainerItemProxy */ = {
			isa = PBXContainerItemProxy;
			containerPortal = B1EAD3D729DBA5320040E267 /* Project object */;
			proxyType = 1;
			remoteGlobalIDString = B1EAD3DE29DBA5320040E267;
			remoteInfo = Madlib;
		};
		B1EAD40029DBA5330040E267 /* PBXContainerItemProxy */ = {
			isa = PBXContainerItemProxy;
			containerPortal = B1EAD3D729DBA5320040E267 /* Project object */;
			proxyType = 1;
			remoteGlobalIDString = B1EAD3DE29DBA5320040E267;
			remoteInfo = Madlib;
		};
/* End PBXContainerItemProxy section */

/* Begin PBXFileReference section */
		B1EAD3DF29DBA5320040E267 /* Madlib.app */ = {isa = PBXFileReference; explicitFileType = wrapper.application; includeInIndex = 0; path = Madlib.app; sourceTree = BUILT_PRODUCTS_DIR; };
		B1EAD3E229DBA5320040E267 /* AppDelegate.swift */ = {isa = PBXFileReference; lastKnownFileType = sourcecode.swift; path = AppDelegate.swift; sourceTree = "<group>"; };
		B1EAD3E429DBA5320040E267 /* SceneDelegate.swift */ = {isa = PBXFileReference; lastKnownFileType = sourcecode.swift; path = SceneDelegate.swift; sourceTree = "<group>"; };
		B1EAD3E629DBA5320040E267 /* ViewController.swift */ = {isa = PBXFileReference; lastKnownFileType = sourcecode.swift; path = ViewController.swift; sourceTree = "<group>"; };
		B1EAD3E929DBA5320040E267 /* Base */ = {isa = PBXFileReference; lastKnownFileType = file.storyboard; name = Base; path = Base.lproj/Main.storyboard; sourceTree = "<group>"; };
		B1EAD3EB29DBA5330040E267 /* Assets.xcassets */ = {isa = PBXFileReference; lastKnownFileType = folder.assetcatalog; path = Assets.xcassets; sourceTree = "<group>"; };
		B1EAD3EE29DBA5330040E267 /* Base */ = {isa = PBXFileReference; lastKnownFileType = file.storyboard; name = Base; path = Base.lproj/LaunchScreen.storyboard; sourceTree = "<group>"; };
		B1EAD3F029DBA5330040E267 /* Info.plist */ = {isa = PBXFileReference; lastKnownFileType = text.plist.xml; path = Info.plist; sourceTree = "<group>"; };
		B1EAD3F529DBA5330040E267 /* MadlibTests.xctest */ = {isa = PBXFileReference; explicitFileType = wrapper.cfbundle; includeInIndex = 0; path = MadlibTests.xctest; sourceTree = BUILT_PRODUCTS_DIR; };
		B1EAD3F929DBA5330040E267 /* MadlibTests.swift */ = {isa = PBXFileReference; lastKnownFileType = sourcecode.swift; path = MadlibTests.swift; sourceTree = "<group>"; };
		B1EAD3FF29DBA5330040E267 /* MadlibUITests.xctest */ = {isa = PBXFileReference; explicitFileType = wrapper.cfbundle; includeInIndex = 0; path = MadlibUITests.xctest; sourceTree = BUILT_PRODUCTS_DIR; };
		B1EAD40329DBA5330040E267 /* MadlibUITests.swift */ = {isa = PBXFileReference; lastKnownFileType = sourcecode.swift; path = MadlibUITests.swift; sourceTree = "<group>"; };
		B1EAD40529DBA5330040E267 /* MadlibUITestsLaunchTests.swift */ = {isa = PBXFileReference; lastKnownFileType = sourcecode.swift; path = MadlibUITestsLaunchTests.swift; sourceTree = "<group>"; };
/* End PBXFileReference section */

/* Begin PBXFrameworksBuildPhase section */
		B1EAD3DC29DBA5320040E267 /* Frameworks */ = {
			isa = PBXFrameworksBuildPhase;
			buildActionMask = 2147483647;
			files = (
			);
			runOnlyForDeploymentPostprocessing = 0;
		};
		B1EAD3F229DBA5330040E267 /* Frameworks */ = {
			isa = PBXFrameworksBuildPhase;
			buildActionMask = 2147483647;
			files = (
			);
			runOnlyForDeploymentPostprocessing = 0;
		};
		B1EAD3FC29DBA5330040E267 /* Frameworks */ = {
			isa = PBXFrameworksBuildPhase;
			buildActionMask = 2147483647;
			files = (
			);
			runOnlyForDeploymentPostprocessing = 0;
		};
/* End PBXFrameworksBuildPhase section */

/* Begin PBXGroup section */
		B1EAD3D629DBA5320040E267 = {
			isa = PBXGroup;
			children = (
				B1EAD3E129DBA5320040E267 /* Madlib */,
				B1EAD3F829DBA5330040E267 /* MadlibTests */,
				B1EAD40229DBA5330040E267 /* MadlibUITests */,
				B1EAD3E029DBA5320040E267 /* Products */,
			);
			sourceTree = "<group>";
		};
		B1EAD3E029DBA5320040E267 /* Products */ = {
			isa = PBXGroup;
			children = (
				B1EAD3DF29DBA5320040E267 /* Madlib.app */,
				B1EAD3F529DBA5330040E267 /* MadlibTests.xctest */,
				B1EAD3FF29DBA5330040E267 /* MadlibUITests.xctest */,
			);
			name = Products;
			sourceTree = "<group>";
		};
		B1EAD3E129DBA5320040E267 /* Madlib */ = {
			isa = PBXGroup;
			children = (
				B1EAD3E229DBA5320040E267 /* AppDelegate.swift */,
				B1EAD3E429DBA5320040E267 /* SceneDelegate.swift */,
				B1EAD3E629DBA5320040E267 /* ViewController.swift */,
				B1EAD3E829DBA5320040E267 /* Main.storyboard */,
				B1EAD3EB29DBA5330040E267 /* Assets.xcassets */,
				B1EAD3ED29DBA5330040E267 /* LaunchScreen.storyboard */,
				B1EAD3F029DBA5330040E267 /* Info.plist */,
			);
			path = Madlib;
			sourceTree = "<group>";
		};
		B1EAD3F829DBA5330040E267 /* MadlibTests */ = {
			isa = PBXGroup;
			children = (
				B1EAD3F929DBA5330040E267 /* MadlibTests.swift */,
			);
			path = MadlibTests;
			sourceTree = "<group>";
		};
		B1EAD40229DBA5330040E267 /* MadlibUITests */ = {
			isa = PBXGroup;
			children = (
				B1EAD40329DBA5330040E267 /* MadlibUITests.swift */,
				B1EAD40529DBA5330040E267 /* MadlibUITestsLaunchTests.swift */,
			);
			path = MadlibUITests;
			sourceTree = "<group>";
		};
/* End PBXGroup section */

/* Begin PBXNativeTarget section */
		B1EAD3DE29DBA5320040E267 /* Madlib */ = {
			isa = PBXNativeTarget;
			buildConfigurationList = B1EAD40929DBA5330040E267 /* Build configuration list for PBXNativeTarget "Madlib" */;
			buildPhases = (
				B1EAD3DB29DBA5320040E267 /* Sources */,
				B1EAD3DC29DBA5320040E267 /* Frameworks */,
				B1EAD3DD29DBA5320040E267 /* Resources */,
			);
			buildRules = (
			);
			dependencies = (
			);
			name = Madlib;
			productName = Madlib;
			productReference = B1EAD3DF29DBA5320040E267 /* Madlib.app */;
			productType = "com.apple.product-type.application";
		};
		B1EAD3F429DBA5330040E267 /* MadlibTests */ = {
			isa = PBXNativeTarget;
			buildConfigurationList = B1EAD40C29DBA5330040E267 /* Build configuration list for PBXNativeTarget "MadlibTests" */;
			buildPhases = (
				B1EAD3F129DBA5330040E267 /* Sources */,
				B1EAD3F229DBA5330040E267 /* Frameworks */,
				B1EAD3F329DBA5330040E267 /* Resources */,
			);
			buildRules = (
			);
			dependencies = (
				B1EAD3F729DBA5330040E267 /* PBXTargetDependency */,
			);
			name = MadlibTests;
			productName = MadlibTests;
			productReference = B1EAD3F529DBA5330040E267 /* MadlibTests.xctest */;
			productType = "com.apple.product-type.bundle.unit-test";
		};
		B1EAD3FE29DBA5330040E267 /* MadlibUITests */ = {
			isa = PBXNativeTarget;
			buildConfigurationList = B1EAD40F29DBA5330040E267 /* Build configuration list for PBXNativeTarget "MadlibUITests" */;
			buildPhases = (
				B1EAD3FB29DBA5330040E267 /* Sources */,
				B1EAD3FC29DBA5330040E267 /* Frameworks */,
				B1EAD3FD29DBA5330040E267 /* Resources */,
			);
			buildRules = (
			);
			dependencies = (
				B1EAD40129DBA5330040E267 /* PBXTargetDependency */,
			);
			name = MadlibUITests;
			productName = MadlibUITests;
			productReference = B1EAD3FF29DBA5330040E267 /* MadlibUITests.xctest */;
			productType = "com.apple.product-type.bundle.ui-testing";
		};
/* End PBXNativeTarget section */

/* Begin PBXProject section */
		B1EAD3D729DBA5320040E267 /* Project object */ = {
			isa = PBXProject;
			attributes = {
				BuildIndependentTargetsInParallel = 1;
				LastSwiftUpdateCheck = 1430;
				LastUpgradeCheck = 1430;
				TargetAttributes = {
					B1EAD3DE29DBA5320040E267 = {
						CreatedOnToolsVersion = 14.3;
					};
					B1EAD3F429DBA5330040E267 = {
						CreatedOnToolsVersion = 14.3;
						TestTargetID = B1EAD3DE29DBA5320040E267;
					};
					B1EAD3FE29DBA5330040E267 = {
						CreatedOnToolsVersion = 14.3;
						TestTargetID = B1EAD3DE29DBA5320040E267;
					};
				};
			};
			buildConfigurationList = B1EAD3DA29DBA5320040E267 /* Build configuration list for PBXProject "Madlib" */;
			compatibilityVersion = "Xcode 14.0";
			developmentRegion = en;
			hasScannedForEncodings = 0;
			knownRegions = (
				en,
				Base,
			);
			mainGroup = B1EAD3D629DBA5320040E267;
			productRefGroup = B1EAD3E029DBA5320040E267 /* Products */;
			projectDirPath = "";
			projectRoot = "";
			targets = (
				B1EAD3DE29DBA5320040E267 /* Madlib */,
				B1EAD3F429DBA5330040E267 /* MadlibTests */,
				B1EAD3FE29DBA5330040E267 /* MadlibUITests */,
			);
		};
/* End PBXProject section */

/* Begin PBXResourcesBuildPhase section */
		B1EAD3DD29DBA5320040E267 /* Resources */ = {
			isa = PBXResourcesBuildPhase;
			buildActionMask = 2147483647;
			files = (
				B1EAD3EF29DBA5330040E267 /* LaunchScreen.storyboard in Resources */,
				B1EAD3EC29DBA5330040E267 /* Assets.xcassets in Resources */,
				B1EAD3EA29DBA5320040E267 /* Main.storyboard in Resources */,
			);
			runOnlyForDeploymentPostprocessing = 0;
		};
		B1EAD3F329DBA5330040E267 /* Resources */ = {
			isa = PBXResourcesBuildPhase;
			buildActionMask = 2147483647;
			files = (
			);
			runOnlyForDeploymentPostprocessing = 0;
		};
		B1EAD3FD29DBA5330040E267 /* Resources */ = {
			isa = PBXResourcesBuildPhase;
			buildActionMask = 2147483647;
			files = (
			);
			runOnlyForDeploymentPostprocessing = 0;
		};
/* End PBXResourcesBuildPhase section */

/* Begin PBXSourcesBuildPhase section */
		B1EAD3DB29DBA5320040E267 /* Sources */ = {
			isa = PBXSourcesBuildPhase;
			buildActionMask = 2147483647;
			files = (
				B1EAD3E729DBA5320040E267 /* ViewController.swift in Sources */,
				B1EAD3E329DBA5320040E267 /* AppDelegate.swift in Sources */,
				B1EAD3E529DBA5320040E267 /* SceneDelegate.swift in Sources */,
			);
			runOnlyForDeploymentPostprocessing = 0;
		};
		B1EAD3F129DBA5330040E267 /* Sources */ = {
			isa = PBXSourcesBuildPhase;
			buildActionMask = 2147483647;
			files = (
				B1EAD3FA29DBA5330040E267 /* MadlibTests.swift in Sources */,
			);
			runOnlyForDeploymentPostprocessing = 0;
		};
		B1EAD3FB29DBA5330040E267 /* Sources */ = {
			isa = PBXSourcesBuildPhase;
			buildActionMask = 2147483647;
			files = (
				B1EAD40429DBA5330040E267 /* MadlibUITests.swift in Sources */,
				B1EAD40629DBA5330040E267 /* MadlibUITestsLaunchTests.swift in Sources */,
			);
			runOnlyForDeploymentPostprocessing = 0;
		};
/* End PBXSourcesBuildPhase section */

/* Begin PBXTargetDependency section */
		B1EAD3F729DBA5330040E267 /* PBXTargetDependency */ = {
			isa = PBXTargetDependency;
			target = B1EAD3DE29DBA5320040E267 /* Madlib */;
			targetProxy = B1EAD3F629DBA5330040E267 /* PBXContainerItemProxy */;
		};
		B1EAD40129DBA5330040E267 /* PBXTargetDependency */ = {
			isa = PBXTargetDependency;
			target = B1EAD3DE29DBA5320040E267 /* Madlib */;
			targetProxy = B1EAD40029DBA5330040E267 /* PBXContainerItemProxy */;
		};
/* End PBXTargetDependency section */

/* Begin PBXVariantGroup section */
		B1EAD3E829DBA5320040E267 /* Main.storyboard */ = {
			isa = PBXVariantGroup;
			children = (
				B1EAD3E929DBA5320040E267 /* Base */,
			);
			name = Main.storyboard;
			sourceTree = "<group>";
		};
		B1EAD3ED29DBA5330040E267 /* LaunchScreen.storyboard */ = {
			isa = PBXVariantGroup;
			children = (
				B1EAD3EE29DBA5330040E267 /* Base */,
			);
			name = LaunchScreen.storyboard;
			sourceTree = "<group>";
		};
/* End PBXVariantGroup section */

/* Begin XCBuildConfiguration section */
		B1EAD40729DBA5330040E267 /* Debug */ = {
			isa = XCBuildConfiguration;
			buildSettings = {
				ALWAYS_SEARCH_USER_PATHS = NO;
				CLANG_ANALYZER_NONNULL = YES;
				CLANG_ANALYZER_NUMBER_OBJECT_CONVERSION = YES_AGGRESSIVE;
				CLANG_CXX_LANGUAGE_STANDARD = "gnu++20";
				CLANG_ENABLE_MODULES = YES;
				CLANG_ENABLE_OBJC_ARC = YES;
				CLANG_ENABLE_OBJC_WEAK = YES;
				CLANG_WARN_BLOCK_CAPTURE_AUTORELEASING = YES;
				CLANG_WARN_BOOL_CONVERSION = YES;
				CLANG_WARN_COMMA = YES;
				CLANG_WARN_CONSTANT_CONVERSION = YES;
				CLANG_WARN_DEPRECATED_OBJC_IMPLEMENTATIONS = YES;
				CLANG_WARN_DIRECT_OBJC_ISA_USAGE = YES_ERROR;
				CLANG_WARN_DOCUMENTATION_COMMENTS = YES;
				CLANG_WARN_EMPTY_BODY = YES;
				CLANG_WARN_ENUM_CONVERSION = YES;
				CLANG_WARN_INFINITE_RECURSION = YES;
				CLANG_WARN_INT_CONVERSION = YES;
				CLANG_WARN_NON_LITERAL_NULL_CONVERSION = YES;
				CLANG_WARN_OBJC_IMPLICIT_RETAIN_SELF = YES;
				CLANG_WARN_OBJC_LITERAL_CONVERSION = YES;
				CLANG_WARN_OBJC_ROOT_CLASS = YES_ERROR;
				CLANG_WARN_QUOTED_INCLUDE_IN_FRAMEWORK_HEADER = YES;
				CLANG_WARN_RANGE_LOOP_ANALYSIS = YES;
				CLANG_WARN_STRICT_PROTOTYPES = YES;
				CLANG_WARN_SUSPICIOUS_MOVE = YES;
				CLANG_WARN_UNGUARDED_AVAILABILITY = YES_AGGRESSIVE;
				CLANG_WARN_UNREACHABLE_CODE = YES;
				CLANG_WARN__DUPLICATE_METHOD_MATCH = YES;
				COPY_PHASE_STRIP = NO;
				DEBUG_INFORMATION_FORMAT = dwarf;
				ENABLE_STRICT_OBJC_MSGSEND = YES;
				ENABLE_TESTABILITY = YES;
				GCC_C_LANGUAGE_STANDARD = gnu11;
				GCC_DYNAMIC_NO_PIC = NO;
				GCC_NO_COMMON_BLOCKS = YES;
				GCC_OPTIMIZATION_LEVEL = 0;
				GCC_PREPROCESSOR_DEFINITIONS = (
					"DEBUG=1",
					"$(inherited)",
				);
				GCC_WARN_64_TO_32_BIT_CONVERSION = YES;
				GCC_WARN_ABOUT_RETURN_TYPE = YES_ERROR;
				GCC_WARN_UNDECLARED_SELECTOR = YES;
				GCC_WARN_UNINITIALIZED_AUTOS = YES_AGGRESSIVE;
				GCC_WARN_UNUSED_FUNCTION = YES;
				GCC_WARN_UNUSED_VARIABLE = YES;
				IPHONEOS_DEPLOYMENT_TARGET = 16.4;
				MTL_ENABLE_DEBUG_INFO = INCLUDE_SOURCE;
				MTL_FAST_MATH = YES;
				ONLY_ACTIVE_ARCH = YES;
				SDKROOT = iphoneos;
				SWIFT_ACTIVE_COMPILATION_CONDITIONS = DEBUG;
				SWIFT_OPTIMIZATION_LEVEL = "-Onone";
			};
			name = Debug;
		};
		B1EAD40829DBA5330040E267 /* Release */ = {
			isa = XCBuildConfiguration;
			buildSettings = {
				ALWAYS_SEARCH_USER_PATHS = NO;
				CLANG_ANALYZER_NONNULL = YES;
				CLANG_ANALYZER_NUMBER_OBJECT_CONVERSION = YES_AGGRESSIVE;
				CLANG_CXX_LANGUAGE_STANDARD = "gnu++20";
				CLANG_ENABLE_MODULES = YES;
				CLANG_ENABLE_OBJC_ARC = YES;
				CLANG_ENABLE_OBJC_WEAK = YES;
				CLANG_WARN_BLOCK_CAPTURE_AUTORELEASING = YES;
				CLANG_WARN_BOOL_CONVERSION = YES;
				CLANG_WARN_COMMA = YES;
				CLANG_WARN_CONSTANT_CONVERSION = YES;
				CLANG_WARN_DEPRECATED_OBJC_IMPLEMENTATIONS = YES;
				CLANG_WARN_DIRECT_OBJC_ISA_USAGE = YES_ERROR;
				CLANG_WARN_DOCUMENTATION_COMMENTS = YES;
				CLANG_WARN_EMPTY_BODY = YES;
				CLANG_WARN_ENUM_CONVERSION = YES;
				CLANG_WARN_INFINITE_RECURSION = YES;
				CLANG_WARN_INT_CONVERSION = YES;
				CLANG_WARN_NON_LITERAL_NULL_CONVERSION = YES;
				CLANG_WARN_OBJC_IMPLICIT_RETAIN_SELF = YES;
				CLANG_WARN_OBJC_LITERAL_CONVERSION = YES;
				CLANG_WARN_OBJC_ROOT_CLASS = YES_ERROR;
				CLANG_WARN_QUOTED_INCLUDE_IN_FRAMEWORK_HEADER = YES;
				CLANG_WARN_RANGE_LOOP_ANALYSIS = YES;
				CLANG_WARN_STRICT_PROTOTYPES = YES;
				CLANG_WARN_SUSPICIOUS_MOVE = YES;
				CLANG_WARN_UNGUARDED_AVAILABILITY = YES_AGGRESSIVE;
				CLANG_WARN_UNREACHABLE_CODE = YES;
				CLANG_WARN__DUPLICATE_METHOD_MATCH = YES;
				COPY_PHASE_STRIP = NO;
				DEBUG_INFORMATION_FORMAT = "dwarf-with-dsym";
				ENABLE_NS_ASSERTIONS = NO;
				ENABLE_STRICT_OBJC_MSGSEND = YES;
				GCC_C_LANGUAGE_STANDARD = gnu11;
				GCC_NO_COMMON_BLOCKS = YES;
				GCC_WARN_64_TO_32_BIT_CONVERSION = YES;
				GCC_WARN_ABOUT_RETURN_TYPE = YES_ERROR;
				GCC_WARN_UNDECLARED_SELECTOR = YES;
				GCC_WARN_UNINITIALIZED_AUTOS = YES_AGGRESSIVE;
				GCC_WARN_UNUSED_FUNCTION = YES;
				GCC_WARN_UNUSED_VARIABLE = YES;
				IPHONEOS_DEPLOYMENT_TARGET = 16.4;
				MTL_ENABLE_DEBUG_INFO = NO;
				MTL_FAST_MATH = YES;
				SDKROOT = iphoneos;
				SWIFT_COMPILATION_MODE = wholemodule;
				SWIFT_OPTIMIZATION_LEVEL = "-O";
				VALIDATE_PRODUCT = YES;
			};
			name = Release;
		};
		B1EAD40A29DBA5330040E267 /* Debug */ = {
			isa = XCBuildConfiguration;
			buildSettings = {
				ASSETCATALOG_COMPILER_APPICON_NAME = AppIcon;
				ASSETCATALOG_COMPILER_GLOBAL_ACCENT_COLOR_NAME = AccentColor;
				CODE_SIGN_STYLE = Automatic;
				CURRENT_PROJECT_VERSION = 1;
				GENERATE_INFOPLIST_FILE = YES;
				INFOPLIST_FILE = Madlib/Info.plist;
				INFOPLIST_KEY_UIApplicationSupportsIndirectInputEvents = YES;
				INFOPLIST_KEY_UILaunchStoryboardName = LaunchScreen;
				INFOPLIST_KEY_UIMainStoryboardFile = Main;
				INFOPLIST_KEY_UISupportedInterfaceOrientations_iPad = "UIInterfaceOrientationPortrait UIInterfaceOrientationPortraitUpsideDown UIInterfaceOrientationLandscapeLeft UIInterfaceOrientationLandscapeRight";
				INFOPLIST_KEY_UISupportedInterfaceOrientations_iPhone = "UIInterfaceOrientationPortrait UIInterfaceOrientationLandscapeLeft UIInterfaceOrientationLandscapeRight";
				LD_RUNPATH_SEARCH_PATHS = (
					"$(inherited)",
					"@executable_path/Frameworks",
				);
				MARKETING_VERSION = 1.0;
				PRODUCT_BUNDLE_IDENTIFIER = "Jordan-Dorman.Madlib";
				PRODUCT_NAME = "$(TARGET_NAME)";
				SWIFT_EMIT_LOC_STRINGS = YES;
				SWIFT_VERSION = 5.0;
				TARGETED_DEVICE_FAMILY = "1,2";
			};
			name = Debug;
		};
		B1EAD40B29DBA5330040E267 /* Release */ = {
			isa = XCBuildConfiguration;
			buildSettings = {
				ASSETCATALOG_COMPILER_APPICON_NAME = AppIcon;
				ASSETCATALOG_COMPILER_GLOBAL_ACCENT_COLOR_NAME = AccentColor;
				CODE_SIGN_STYLE = Automatic;
				CURRENT_PROJECT_VERSION = 1;
				GENERATE_INFOPLIST_FILE = YES;
				INFOPLIST_FILE = Madlib/Info.plist;
				INFOPLIST_KEY_UIApplicationSupportsIndirectInputEvents = YES;
				INFOPLIST_KEY_UILaunchStoryboardName = LaunchScreen;
				INFOPLIST_KEY_UIMainStoryboardFile = Main;
				INFOPLIST_KEY_UISupportedInterfaceOrientations_iPad = "UIInterfaceOrientationPortrait UIInterfaceOrientationPortraitUpsideDown UIInterfaceOrientationLandscapeLeft UIInterfaceOrientationLandscapeRight";
				INFOPLIST_KEY_UISupportedInterfaceOrientations_iPhone = "UIInterfaceOrientationPortrait UIInterfaceOrientationLandscapeLeft UIInterfaceOrientationLandscapeRight";
				LD_RUNPATH_SEARCH_PATHS = (
					"$(inherited)",
					"@executable_path/Frameworks",
				);
				MARKETING_VERSION = 1.0;
				PRODUCT_BUNDLE_IDENTIFIER = "Jordan-Dorman.Madlib";
				PRODUCT_NAME = "$(TARGET_NAME)";
				SWIFT_EMIT_LOC_STRINGS = YES;
				SWIFT_VERSION = 5.0;
				TARGETED_DEVICE_FAMILY = "1,2";
			};
			name = Release;
		};
		B1EAD40D29DBA5330040E267 /* Debug */ = {
			isa = XCBuildConfiguration;
			buildSettings = {
				ALWAYS_EMBED_SWIFT_STANDARD_LIBRARIES = YES;
				BUNDLE_LOADER = "$(TEST_HOST)";
				CODE_SIGN_STYLE = Automatic;
				CURRENT_PROJECT_VERSION = 1;
				GENERATE_INFOPLIST_FILE = YES;
				IPHONEOS_DEPLOYMENT_TARGET = 16.4;
				MARKETING_VERSION = 1.0;
				PRODUCT_BUNDLE_IDENTIFIER = "Jordan-Dorman.MadlibTests";
				PRODUCT_NAME = "$(TARGET_NAME)";
				SWIFT_EMIT_LOC_STRINGS = NO;
				SWIFT_VERSION = 5.0;
				TARGETED_DEVICE_FAMILY = "1,2";
				TEST_HOST = "$(BUILT_PRODUCTS_DIR)/Madlib.app/$(BUNDLE_EXECUTABLE_FOLDER_PATH)/Madlib";
			};
			name = Debug;
		};
		B1EAD40E29DBA5330040E267 /* Release */ = {
			isa = XCBuildConfiguration;
			buildSettings = {
				ALWAYS_EMBED_SWIFT_STANDARD_LIBRARIES = YES;
				BUNDLE_LOADER = "$(TEST_HOST)";
				CODE_SIGN_STYLE = Automatic;
				CURRENT_PROJECT_VERSION = 1;
				GENERATE_INFOPLIST_FILE = YES;
				IPHONEOS_DEPLOYMENT_TARGET = 16.4;
				MARKETING_VERSION = 1.0;
				PRODUCT_BUNDLE_IDENTIFIER = "Jordan-Dorman.MadlibTests";
				PRODUCT_NAME = "$(TARGET_NAME)";
				SWIFT_EMIT_LOC_STRINGS = NO;
				SWIFT_VERSION = 5.0;
				TARGETED_DEVICE_FAMILY = "1,2";
				TEST_HOST = "$(BUILT_PRODUCTS_DIR)/Madlib.app/$(BUNDLE_EXECUTABLE_FOLDER_PATH)/Madlib";
			};
			name = Release;
		};
		B1EAD41029DBA5330040E267 /* Debug */ = {
			isa = XCBuildConfiguration;
			buildSettings = {
				ALWAYS_EMBED_SWIFT_STANDARD_LIBRARIES = YES;
				CODE_SIGN_STYLE = Automatic;
				CURRENT_PROJECT_VERSION = 1;
				GENERATE_INFOPLIST_FILE = YES;
				MARKETING_VERSION = 1.0;
				PRODUCT_BUNDLE_IDENTIFIER = "Jordan-Dorman.MadlibUITests";
				PRODUCT_NAME = "$(TARGET_NAME)";
				SWIFT_EMIT_LOC_STRINGS = NO;
				SWIFT_VERSION = 5.0;
				TARGETED_DEVICE_FAMILY = "1,2";
				TEST_TARGET_NAME = Madlib;
			};
			name = Debug;
		};
		B1EAD41129DBA5330040E267 /* Release */ = {
			isa = XCBuildConfiguration;
			buildSettings = {
				ALWAYS_EMBED_SWIFT_STANDARD_LIBRARIES = YES;
				CODE_SIGN_STYLE = Automatic;
				CURRENT_PROJECT_VERSION = 1;
				GENERATE_INFOPLIST_FILE = YES;
				MARKETING_VERSION = 1.0;
				PRODUCT_BUNDLE_IDENTIFIER = "Jordan-Dorman.MadlibUITests";
				PRODUCT_NAME = "$(TARGET_NAME)";
				SWIFT_EMIT_LOC_STRINGS = NO;
				SWIFT_VERSION = 5.0;
				TARGETED_DEVICE_FAMILY = "1,2";
				TEST_TARGET_NAME = Madlib;
			};
			name = Release;
		};
/* End XCBuildConfiguration section */

/* Begin XCConfigurationList section */
		B1EAD3DA29DBA5320040E267 /* Build configuration list for PBXProject "Madlib" */ = {
			isa = XCConfigurationList;
			buildConfigurations = (
				B1EAD40729DBA5330040E267 /* Debug */,
				B1EAD40829DBA5330040E267 /* Release */,
			);
			defaultConfigurationIsVisible = 0;
			defaultConfigurationName = Release;
		};
		B1EAD40929DBA5330040E267 /* Build configuration list for PBXNativeTarget "Madlib" */ = {
			isa = XCConfigurationList;
			buildConfigurations = (
				B1EAD40A29DBA5330040E267 /* Debug */,
				B1EAD40B29DBA5330040E267 /* Release */,
			);
			defaultConfigurationIsVisible = 0;
			defaultConfigurationName = Release;
		};
		B1EAD40C29DBA5330040E267 /* Build configuration list for PBXNativeTarget "MadlibTests" */ = {
			isa = XCConfigurationList;
			buildConfigurations = (
				B1EAD40D29DBA5330040E267 /* Debug */,
				B1EAD40E29DBA5330040E267 /* Release */,
			);
			defaultConfigurationIsVisible = 0;
			defaultConfigurationName = Release;
		};
		B1EAD40F29DBA5330040E267 /* Build configuration list for PBXNativeTarget "MadlibUITests" */ = {
			isa = XCConfigurationList;
			buildConfigurations = (
				B1EAD41029DBA5330040E267 /* Debug */,
				B1EAD41129DBA5330040E267 /* Release */,
			);
			defaultConfigurationIsVisible = 0;
			defaultConfigurationName = Release;
		};
/* End XCConfigurationList section */
	};
	rootObject = B1EAD3D729DBA5320040E267 /* Project object */;
}
